
Microsoft Visual Studio Solution File, Format Version 12.00
# Visual Studio Version 17
VisualStudioVersion = 17.0.32014.148
MinimumVisualStudioVersion = 10.0.40219.1
Project("{FAE04EC0-301F-11D3-BF4B-00C04F79EFBC}") = "yes", "yes\yes.csproj", "{99371640-FCEE-44F1-ABEC-3C2B5A48A5D8}"
EndProject
Global
	GlobalSection(SolutionConfigurationPlatforms) = preSolution
		Debug|Any CPU = Debug|Any CPU
		Release|Any CPU = Release|Any CPU
	EndGlobalSection
	GlobalSection(ProjectConfigurationPlatforms) = postSolution
		{99371640-FCEE-44F1-ABEC-3C2B5A48A5D8}.Debug|Any CPU.ActiveCfg = Debug|Any CPU
		{99371640-FCEE-44F1-ABEC-3C2B5A48A5D8}.Debug|Any CPU.Build.0 = Debug|Any CPU
		{99371640-FCEE-44F1-ABEC-3C2B5A48A5D8}.Release|Any CPU.ActiveCfg = Release|Any CPU
		{99371640-FCEE-44F1-ABEC-3C2B5A48A5D8}.Release|Any CPU.Build.0 = Release|Any CPU
	EndGlobalSection
	GlobalSection(SolutionProperties) = preSolution
		HideSolutionNode = FALSE
	EndGlobalSection
	GlobalSection(ExtensibilityGlobals) = postSolution
		SolutionGuid = {6FF0388B-3D2B-45FC-ACEA-A1C9AC9DB0D9}
	EndGlobalSection
EndGlobal
